{
  "name": "noisescope-viewer",
  "version": "0.1.0",
  "lockfileVersion": 3,
  "requires": true,
  "packages": {
    "": {
      "name": "noisescope-viewer",
      "version": "0.1.0",
      "license": "MIT",
      "bin": {
        "noisescope-viewer": "dist/cli.js"
      },
      "devDependencies": {
        "@types/node": "20.14.10",
